// !$*UTF8*$!
{
	archiveVersion = 1;
	classes = {
	};
	objectVersion = 77;
	objects = {

/* Begin PBXBuildFile section */
		88BFCB922F8B2C510032B32C /* Supabase in Frameworks */ = {isa = PBXBuildFile; productRef = 88BFCB912F8B2C510032B32C /* Supabase */; };
/* End PBXBuildFile section */

/* Begin PBXContainerItemProxy section */
		88BFCB162F8AE19A0032B32C /* PBXContainerItemProxy */ = {
			isa = PBXContainerItemProxy;
			containerPortal = 88BFCB002F8AE1980032B32C /* Project object */;
			proxyType = 1;
			remoteGlobalIDString = 88BFCB072F8AE1980032B32C;
			remoteInfo = Coach;
		};
		88BFCB202F8AE19A0032B32C /* PBXContainerItemProxy */ = {
			isa = PBXContainerItemProxy;
			containerPortal = 88BFCB002F8AE1980032B32C /* Project object */;
			proxyType = 1;
			remoteGlobalIDString = 88BFCB072F8AE1980032B32C;
			remoteInfo = Coach;
		};
/* End PBXContainerItemProxy section */

/* Begin PBXFileReference section */
		88BFCB082F8AE1980032B32C /* Coach.app */ = {isa = PBXFileReference; explicitFileType = wrapper.application; includeInIndex = 0; path = Coach.app; sourceTree = BUILT_PRODUCTS_DIR; };
		88BFCB152F8AE19A0032B32C /* CoachTests.xctest */ = {isa = PBXFileReference; explicitFileType = wrapper.cfbundle; includeInIndex = 0; path = CoachTests.xctest; sourceTree = BUILT_PRODUCTS_DIR; };
		88BFCB1F2F8AE19A0032B32C /* CoachUITests.xctest */ = {isa = PBXFileReference; explicitFileType = wrapper.cfbundle; includeInIndex = 0; path = CoachUITests.xctest; sourceTree = BUILT_PRODUCTS_DIR; };
/* End PBXFileReference section */

/* Begin PBXFileSystemSynchronizedRootGroup section */
		88BFCB0A2F8AE1980032B32C /* Coach */ = {
			isa = PBXFileSystemSynchronizedRootGroup;
			path = Coach;
			sourceTree = "<group>";
		};
		88BFCB182F8AE19A0032B32C /* CoachTests */ = {
			isa = PBXFileSystemSynchronizedRootGroup;
			path = CoachTests;
			sourceTree = "<group>";
		};
		88BFCB222F8AE19A0032B32C /* CoachUITests */ = {
			isa = PBXFileSystemSynchronizedRootGroup;
			path = CoachUITests;
			sourceTree = "<group>";
		};
/* End PBXFileSystemSynchronizedRootGroup section */

/* Begin PBXFrameworksBuildPhase section */
		88BFCB052F8AE1980032B32C /* Frameworks */ = {
			isa = PBXFrameworksBuildPhase;
			buildActionMask = 2147483647;
			files = (
				88BFCB922F8B2C510032B32C /* Supabase in Frameworks */,
			);
			runOnlyForDeploymentPostprocessing = 0;
		};
		88BFCB122F8AE19A0032B32C /* Frameworks */ = {
			isa = PBXFrameworksBuildPhase;
			buildActionMask = 2147483647;
			files = (
			);
			runOnlyForDeploymentPostprocessing = 0;
		};
		88BFCB1C2F8AE19A0032B32C /* Frameworks */ = {
			isa = PBXFrameworksBuildPhase;
			buildActionMask = 2147483647;
			files = (
			);
			runOnlyForDeploymentPostprocessing = 0;
		};
/* End PBXFrameworksBuildPhase section */

/* Begin PBXGroup section */
		88BFCAFF2F8AE1980032B32C = {
			isa = PBXGroup;
			children = (
				88BFCB0A2F8AE1980032B32C /* Coach */,
				88BFCB182F8AE19A0032B32C /* CoachTests */,
				88BFCB222F8AE19A0032B32C /* CoachUITests */,
				88BFCB902F8B2C510032B32C /* Frameworks */,
				88BFCB092F8AE1980032B32C /* Products */,
			);
			sourceTree = "<group>";
		};
		88BFCB092F8AE1980032B32C /* Products */ = {
			isa = PBXGroup;
			children = (
				88BFCB082F8AE1980032B32C /* Coach.app */,
				88BFCB152F8AE19A0032B32C /* CoachTests.xctest */,
				88BFCB1F2F8AE19A0032B32C /* CoachUITests.xctest */,
			);
			name = Products;
			sourceTree = "<group>";
		};
		88BFCB902F8B2C510032B32C /* Frameworks */ = {
			isa = PBXGroup;
			children = (
			);
			name = Frameworks;
			sourceTree = "<group>";
		};
/* End PBXGroup section */

/* Begin PBXNativeTarget section */
		88BFCB072F8AE1980032B32C /* Coach */ = {
			isa = PBXNativeTarget;
			buildConfigurationList = 88BFCB292F8AE19A0032B32C /* Build configuration list for PBXNativeTarget "Coach" */;
			buildPhases = (
				88BFCB042F8AE1980032B32C /* Sources */,
				88BFCB052F8AE1980032B32C /* Frameworks */,
				88BFCB062F8AE1980032B32C /* Resources */,
			);
			buildRules = (
			);
			dependencies = (
			);
			fileSystemSynchronizedGroups = (
				88BFCB0A2F8AE1980032B32C /* Coach */,
			);
			name = Coach;
			packageProductDependencies = (
				88BFCB912F8B2C510032B32C /* Supabase */,
			);
			productName = Coach;
			productReference = 88BFCB082F8AE1980032B32C /* Coach.app */;
			productType = "com.apple.product-type.application";
		};
		88BFCB142F8AE19A0032B32C /* CoachTests */ = {
			isa = PBXNativeTarget;
			buildConfigurationList = 88BFCB2C2F8AE19A0032B32C /* Build configuration list for PBXNativeTarget "CoachTests" */;
			buildPhases = (
				88BFCB112F8AE19A0032B32C /* Sources */,
				88BFCB122F8AE19A0032B32C /* Frameworks */,
				88BFCB132F8AE19A0032B32C /* Resources */,
			);
			buildRules = (
			);
			dependencies = (
				88BFCB172F8AE19A0032B32C /* PBXTargetDependency */,
			);
			fileSystemSynchronizedGroups = (
				88BFCB182F8AE19A0032B32C /* CoachTests */,
			);
			name = CoachTests;
			packageProductDependencies = (
			);
			productName = CoachTests;
			productReference = 88BFCB152F8AE19A0032B32C /* CoachTests.xctest */;
			productType = "com.apple.product-type.bundle.unit-test";
		};
		88BFCB1E2F8AE19A0032B32C /* CoachUITests */ = {
			isa = PBXNativeTarget;
			buildConfigurationList = 88BFCB2F2F8AE19A0032B32C /* Build configuration list for PBXNativeTarget "CoachUITests" */;
			buildPhases = (
				88BFCB1B2F8AE19A0032B32C /* Sources */,
				88BFCB1C2F8AE19A0032B32C /* Frameworks */,
				88BFCB1D2F8AE19A0032B32C /* Resources */,
			);
			buildRules = (
			);
			dependencies = (
				88BFCB212F8AE19A0032B32C /* PBXTargetDependency */,
			);
			fileSystemSynchronizedGroups = (
				88BFCB222F8AE19A0032B32C /* CoachUITests */,
			);
			name = CoachUITests;
			packageProductDependencies = (
			);
			productName = CoachUITests;
			productReference = 88BFCB1F2F8AE19A0032B32C /* CoachUITests.xctest */;
			productType = "com.apple.product-type.bundle.ui-testing";
		};
/* End PBXNativeTarget section */

/* Begin PBXProject section */
		88BFCB002F8AE1980032B32C /* Project object */ = {
			isa = PBXProject;
			attributes = {
				BuildIndependentTargetsInParallel = 1;
				LastSwiftUpdateCheck = 2640;
				LastUpgradeCheck = 2640;
				TargetAttributes = {
					88BFCB072F8AE1980032B32C = {
						CreatedOnToolsVersion = 26.4;
					};
					88BFCB142F8AE19A0032B32C = {
						CreatedOnToolsVersion = 26.4;
						TestTargetID = 88BFCB072F8AE1980032B32C;
					};
					88BFCB1E2F8AE19A0032B32C = {
						CreatedOnToolsVersion = 26.4;
						TestTargetID = 88BFCB072F8AE1980032B32C;
					};
				};
			};
			buildConfigurationList = 88BFCB032F8AE1980032B32C /* Build configuration list for PBXProject "Coach" */;
			developmentRegion = en;
			hasScannedForEncodings = 0;
			knownRegions = (
				en,
				Base,
			);
			mainGroup = 88BFCAFF2F8AE1980032B32C;
			minimizedProjectReferenceProxies = 1;
			packageReferences = (
				88BFCB322F8AE1DD0032B32C /* XCRemoteSwiftPackageReference "supabase-swift" */,
			);
			preferredProjectObjectVersion = 77;
			productRefGroup = 88BFCB092F8AE1980032B32C /* Products */;
			projectDirPath = "";
			projectRoot = "";
			targets = (
				88BFCB072F8AE1980032B32C /* Coach */,
				88BFCB142F8AE19A0032B32C /* CoachTests */,
				88BFCB1E2F8AE19A0032B32C /* CoachUITests */,
			);
		};
/* End PBXProject section */

/* Begin PBXResourcesBuildPhase section */
		88BFCB062F8AE1980032B32C /* Resources */ = {
			isa = PBXResourcesBuildPhase;
			buildActionMask = 2147483647;
			files = (
			);
			runOnlyForDeploymentPostprocessing = 0;
		};
		88BFCB132F8AE19A0032B32C /* Resources */ = {
			isa = PBXResourcesBuildPhase;
			buildActionMask = 2147483647;
			files = (
			);
			runOnlyForDeploymentPostprocessing = 0;
		};
		88BFCB1D2F8AE19A0032B32C /* Resources */ = {
			isa = PBXResourcesBuildPhase;
			buildActionMask = 2147483647;
			files = (
			);
			runOnlyForDeploymentPostprocessing = 0;
		};
/* End PBXResourcesBuildPhase section */

/* Begin PBXSourcesBuildPhase section */
		88BFCB042F8AE1980032B32C /* Sources */ = {
			isa = PBXSourcesBuildPhase;
			buildActionMask = 2147483647;
			files = (
			);
			runOnlyForDeploymentPostprocessing = 0;
		};
		88BFCB112F8AE19A0032B32C /* Sources */ = {
			isa = PBXSourcesBuildPhase;
			buildActionMask = 2147483647;
			files = (
			);
			runOnlyForDeploymentPostprocessing = 0;
		};
		88BFCB1B2F8AE19A0032B32C /* Sources */ = {
			isa = PBXSourcesBuildPhase;
			buildActionMask = 2147483647;
			files = (
			);
			runOnlyForDeploymentPostprocessing = 0;
		};
/* End PBXSourcesBuildPhase section */

/* Begin PBXTargetDependency section */
		88BFCB172F8AE19A0032B32C /* PBXTargetDependency */ = {
			isa = PBXTargetDependency;
			target = 88BFCB072F8AE1980032B32C /* Coach */;
			targetProxy = 88BFCB162F8AE19A0032B32C /* PBXContainerItemProxy */;
		};
		88BFCB212F8AE19A0032B32C /* PBXTargetDependency */ = {
			isa = PBXTargetDependency;
			target = 88BFCB072F8AE1980032B32C /* Coach */;
			targetProxy = 88BFCB202F8AE19A0032B32C /* PBXContainerItemProxy */;
		};
/* End PBXTargetDependency section */

/* Begin XCBuildConfiguration section */
		88BFCB272F8AE19A0032B32C /* Debug */ = {
			isa = XCBuildConfiguration;
			buildSettings = {
				ALWAYS_SEARCH_USER_PATHS = NO;
				ASSETCATALOG_COMPILER_GENERATE_SWIFT_ASSET_SYMBOL_EXTENSIONS = YES;
				CLANG_ANALYZER_NONNULL = YES;
				CLANG_ANALYZER_NUMBER_OBJECT_CONVERSION = YES_AGGRESSIVE;
				CLANG_CXX_LANGUAGE_STANDARD = "gnu++20";
				CLANG_ENABLE_MODULES = YES;
				CLANG_ENABLE_OBJC_ARC = YES;
				CLANG_ENABLE_OBJC_WEAK = YES;
				CLANG_WARN_BLOCK_CAPTURE_AUTORELEASING = YES;
				CLANG_WARN_BOOL_CONVERSION = YES;
				CLANG_WARN_COMMA = YES;
				CLANG_WARN_CONSTANT_CONVERSION = YES;
				CLANG_WARN_DEPRECATED_OBJC_IMPLEMENTATIONS = YES;
				CLANG_WARN_DIRECT_OBJC_ISA_USAGE = YES_ERROR;
				CLANG_WARN_DOCUMENTATION_COMMENTS = YES;
				CLANG_WARN_EMPTY_BODY = YES;
				CLANG_WARN_ENUM_CONVERSION = YES;
				CLANG_WARN_INFINITE_RECURSION = YES;
				CLANG_WARN_INT_CONVERSION = YES;
				CLANG_WARN_NON_LITERAL_NULL_CONVERSION = YES;
				CLANG_WARN_OBJC_IMPLICIT_RETAIN_SELF = YES;
				CLANG_WARN_OBJC_LITERAL_CONVERSION = YES;
				CLANG_WARN_OBJC_ROOT_CLASS = YES_ERROR;
				CLANG_WARN_QUOTED_INCLUDE_IN_FRAMEWORK_HEADER = YES;
				CLANG_WARN_RANGE_LOOP_ANALYSIS = YES;
				CLANG_WARN_STRICT_PROTOTYPES = YES;
				CLANG_WARN_SUSPICIOUS_MOVE = YES;
				CLANG_WARN_UNGUARDED_AVAILABILITY = YES_AGGRESSIVE;
				CLANG_WARN_UNREACHABLE_CODE = YES;
				CLANG_WARN__DUPLICATE_METHOD_MATCH = YES;
				COPY_PHASE_STRIP = NO;
				DEBUG_INFORMATION_FORMAT = dwarf;
				ENABLE_STRICT_OBJC_MSGSEND = YES;
				ENABLE_TESTABILITY = YES;
				ENABLE_USER_SCRIPT_SANDBOXING = YES;
				GCC_C_LANGUAGE_STANDARD = gnu17;
				GCC_DYNAMIC_NO_PIC = NO;
				GCC_NO_COMMON_BLOCKS = YES;
				GCC_OPTIMIZATION_LEVEL = 0;
				GCC_PREPROCESSOR_DEFINITIONS = (
					"DEBUG=1",
					"$(inherited)",
				);
				GCC_WARN_64_TO_32_BIT_CONVERSION = YES;
				GCC_WARN_ABOUT_RETURN_TYPE = YES_ERROR;
				GCC_WARN_UNDECLARED_SELECTOR = YES;
				GCC_WARN_UNINITIALIZED_AUTOS = YES_AGGRESSIVE;
				GCC_WARN_UNUSED_FUNCTION = YES;
				GCC_WARN_UNUSED_VARIABLE = YES;
				IPHONEOS_DEPLOYMENT_TARGET = 26.4;
				LOCALIZATION_PREFERS_STRING_CATALOGS = YES;
				MTL_ENABLE_DEBUG_INFO = INCLUDE_SOURCE;
				MTL_FAST_MATH = YES;
				ONLY_ACTIVE_ARCH = YES;
				SDKROOT = iphoneos;
				SWIFT_ACTIVE_COMPILATION_CONDITIONS = "DEBUG $(inherited)";
				SWIFT_OPTIMIZATION_LEVEL = "-Onone";
			};
			name = Debug;
		};
		88BFCB282F8AE19A0032B32C /* Release */ = {
			isa = XCBuildConfiguration;
			buildSettings = {
				ALWAYS_SEARCH_USER_PATHS = NO;
				ASSETCATALOG_COMPILER_GENERATE_SWIFT_ASSET_SYMBOL_EXTENSIONS = YES;
				CLANG_ANALYZER_NONNULL = YES;
				CLANG_ANALYZER_NUMBER_OBJECT_CONVERSION = YES_AGGRESSIVE;
				CLANG_CXX_LANGUAGE_STANDARD = "gnu++20";
				CLANG_ENABLE_MODULES = YES;
				CLANG_ENABLE_OBJC_ARC = YES;
				CLANG_ENABLE_OBJC_WEAK = YES;
				CLANG_WARN_BLOCK_CAPTURE_AUTORELEASING = YES;
				CLANG_WARN_BOOL_CONVERSION = YES;
				CLANG_WARN_COMMA = YES;
				CLANG_WARN_CONSTANT_CONVERSION = YES;
				CLANG_WARN_DEPRECATED_OBJC_IMPLEMENTATIONS = YES;
				CLANG_WARN_DIRECT_OBJC_ISA_USAGE = YES_ERROR;
				CLANG_WARN_DOCUMENTATION_COMMENTS = YES;
				CLANG_WARN_EMPTY_BODY = YES;
				CLANG_WARN_ENUM_CONVERSION = YES;
				CLANG_WARN_INFINITE_RECURSION = YES;
				CLANG_WARN_INT_CONVERSION = YES;
				CLANG_WARN_NON_LITERAL_NULL_CONVERSION = YES;
				CLANG_WARN_OBJC_IMPLICIT_RETAIN_SELF = YES;
				CLANG_WARN_OBJC_LITERAL_CONVERSION = YES;
				CLANG_WARN_OBJC_ROOT_CLASS = YES_ERROR;
				CLANG_WARN_QUOTED_INCLUDE_IN_FRAMEWORK_HEADER = YES;
				CLANG_WARN_RANGE_LOOP_ANALYSIS = YES;
				CLANG_WARN_STRICT_PROTOTYPES = YES;
				CLANG_WARN_SUSPICIOUS_MOVE = YES;
				CLANG_WARN_UNGUARDED_AVAILABILITY = YES_AGGRESSIVE;
				CLANG_WARN_UNREACHABLE_CODE = YES;
				CLANG_WARN__DUPLICATE_METHOD_MATCH = YES;
				COPY_PHASE_STRIP = NO;
				DEBUG_INFORMATION_FORMAT = "dwarf-with-dsym";
				ENABLE_NS_ASSERTIONS = NO;
				ENABLE_STRICT_OBJC_MSGSEND = YES;
				ENABLE_USER_SCRIPT_SANDBOXING = YES;
				GCC_C_LANGUAGE_STANDARD = gnu17;
				GCC_NO_COMMON_BLOCKS = YES;
				GCC_WARN_64_TO_32_BIT_CONVERSION = YES;
				GCC_WARN_ABOUT_RETURN_TYPE = YES_ERROR;
				GCC_WARN_UNDECLARED_SELECTOR = YES;
				GCC_WARN_UNINITIALIZED_AUTOS = YES_AGGRESSIVE;
				GCC_WARN_UNUSED_FUNCTION = YES;
				GCC_WARN_UNUSED_VARIABLE = YES;
				IPHONEOS_DEPLOYMENT_TARGET = 26.4;
				LOCALIZATION_PREFERS_STRING_CATALOGS = YES;
				MTL_ENABLE_DEBUG_INFO = NO;
				MTL_FAST_MATH = YES;
				SDKROOT = iphoneos;
				SWIFT_COMPILATION_MODE = wholemodule;
				VALIDATE_PRODUCT = YES;
			};
			name = Release;
		};
		88BFCB2A2F8AE19A0032B32C /* Debug */ = {
			isa = XCBuildConfiguration;
			buildSettings = {
				ASSETCATALOG_COMPILER_APPICON_NAME = AppIcon;
				ASSETCATALOG_COMPILER_GLOBAL_ACCENT_COLOR_NAME = AccentColor;
				CODE_SIGN_STYLE = Automatic;
				CURRENT_PROJECT_VERSION = 1;
				DEVELOPMENT_TEAM = 5WDG9ABTH5;
				ENABLE_PREVIEWS = YES;
				GENERATE_INFOPLIST_FILE = YES;
				INFOPLIST_KEY_UIApplicationSceneManifest_Generation = YES;
				INFOPLIST_KEY_UIApplicationSupportsIndirectInputEvents = YES;
				INFOPLIST_KEY_UILaunchScreen_Generation = YES;
				INFOPLIST_KEY_UISupportedInterfaceOrientations_iPad = "UIInterfaceOrientationPortrait UIInterfaceOrientationPortraitUpsideDown UIInterfaceOrientationLandscapeLeft UIInterfaceOrientationLandscapeRight";
				INFOPLIST_KEY_UISupportedInterfaceOrientations_iPhone = "UIInterfaceOrientationPortrait UIInterfaceOrientationLandscapeLeft UIInterfaceOrientationLandscapeRight";
				LD_RUNPATH_SEARCH_PATHS = (
					"$(inherited)",
					"@executable_path/Frameworks",
				);
				MARKETING_VERSION = 1.0;
				PRODUCT_BUNDLE_IDENTIFIER = com.jesse.Coach;
				PRODUCT_NAME = "$(TARGET_NAME)";
				STRING_CATALOG_GENERATE_SYMBOLS = YES;
				SWIFT_APPROACHABLE_CONCURRENCY = YES;
				SWIFT_DEFAULT_ACTOR_ISOLATION = MainActor;
				SWIFT_EMIT_LOC_STRINGS = YES;
				SWIFT_UPCOMING_FEATURE_MEMBER_IMPORT_VISIBILITY = YES;
				SWIFT_VERSION = 5.0;
				TARGETED_DEVICE_FAMILY = "1,2";
			};
			name = Debug;
		};
		88BFCB2B2F8AE19A0032B32C /* Release */ = {
			isa = XCBuildConfiguration;
			buildSettings = {
				ASSETCATALOG_COMPILER_APPICON_NAME = AppIcon;
				ASSETCATALOG_COMPILER_GLOBAL_ACCENT_COLOR_NAME = AccentColor;
				CODE_SIGN_STYLE = Automatic;
				CURRENT_PROJECT_VERSION = 1;
				DEVELOPMENT_TEAM = 5WDG9ABTH5;
				ENABLE_PREVIEWS = YES;
				GENERATE_INFOPLIST_FILE = YES;
				INFOPLIST_KEY_UIApplicationSceneManifest_Generation = YES;
				INFOPLIST_KEY_UIApplicationSupportsIndirectInputEvents = YES;
				INFOPLIST_KEY_UILaunchScreen_Generation = YES;
				INFOPLIST_KEY_UISupportedInterfaceOrientations_iPad = "UIInterfaceOrientationPortrait UIInterfaceOrientationPortraitUpsideDown UIInterfaceOrientationLandscapeLeft UIInterfaceOrientationLandscapeRight";
				INFOPLIST_KEY_UISupportedInterfaceOrientations_iPhone = "UIInterfaceOrientationPortrait UIInterfaceOrientationLandscapeLeft UIInterfaceOrientationLandscapeRight";
				LD_RUNPATH_SEARCH_PATHS = (
					"$(inherited)",
					"@executable_path/Frameworks",
				);
				MARKETING_VERSION = 1.0;
				PRODUCT_BUNDLE_IDENTIFIER = com.jesse.Coach;
				PRODUCT_NAME = "$(TARGET_NAME)";
				STRING_CATALOG_GENERATE_SYMBOLS = YES;
				SWIFT_APPROACHABLE_CONCURRENCY = YES;
				SWIFT_DEFAULT_ACTOR_ISOLATION = MainActor;
				SWIFT_EMIT_LOC_STRINGS = YES;
				SWIFT_UPCOMING_FEATURE_MEMBER_IMPORT_VISIBILITY = YES;
				SWIFT_VERSION = 5.0;
				TARGETED_DEVICE_FAMILY = "1,2";
			};
			name = Release;
		};
		88BFCB2D2F8AE19A0032B32C /* Debug */ = {
			isa = XCBuildConfiguration;
			buildSettings = {
				BUNDLE_LOADER = "$(TEST_HOST)";
				CODE_SIGN_STYLE = Automatic;
				CURRENT_PROJECT_VERSION = 1;
				GENERATE_INFOPLIST_FILE = YES;
				IPHONEOS_DEPLOYMENT_TARGET = 26.4;
				MARKETING_VERSION = 1.0;
				PRODUCT_BUNDLE_IDENTIFIER = com.jesse.CoachTests;
				PRODUCT_NAME = "$(TARGET_NAME)";
				STRING_CATALOG_GENERATE_SYMBOLS = NO;
				SWIFT_APPROACHABLE_CONCURRENCY = YES;
				SWIFT_EMIT_LOC_STRINGS = NO;
				SWIFT_UPCOMING_FEATURE_MEMBER_IMPORT_VISIBILITY = YES;
				SWIFT_VERSION = 5.0;
				TARGETED_DEVICE_FAMILY = "1,2";
				TEST_HOST = "$(BUILT_PRODUCTS_DIR)/Coach.app/$(BUNDLE_EXECUTABLE_FOLDER_PATH)/Coach";
			};
			name = Debug;
		};
		88BFCB2E2F8AE19A0032B32C /* Release */ = {
			isa = XCBuildConfiguration;
			buildSettings = {
				BUNDLE_LOADER = "$(TEST_HOST)";
				CODE_SIGN_STYLE = Automatic;
				CURRENT_PROJECT_VERSION = 1;
				GENERATE_INFOPLIST_FILE = YES;
				IPHONEOS_DEPLOYMENT_TARGET = 26.4;
				MARKETING_VERSION = 1.0;
				PRODUCT_BUNDLE_IDENTIFIER = com.jesse.CoachTests;
				PRODUCT_NAME = "$(TARGET_NAME)";
				STRING_CATALOG_GENERATE_SYMBOLS = NO;
				SWIFT_APPROACHABLE_CONCURRENCY = YES;
				SWIFT_EMIT_LOC_STRINGS = NO;
				SWIFT_UPCOMING_FEATURE_MEMBER_IMPORT_VISIBILITY = YES;
				SWIFT_VERSION = 5.0;
				TARGETED_DEVICE_FAMILY = "1,2";
				TEST_HOST = "$(BUILT_PRODUCTS_DIR)/Coach.app/$(BUNDLE_EXECUTABLE_FOLDER_PATH)/Coach";
			};
			name = Release;
		};
		88BFCB302F8AE19A0032B32C /* Debug */ = {
			isa = XCBuildConfiguration;
			buildSettings = {
				CODE_SIGN_STYLE = Automatic;
				CURRENT_PROJECT_VERSION = 1;
				GENERATE_INFOPLIST_FILE = YES;
				MARKETING_VERSION = 1.0;
				PRODUCT_BUNDLE_IDENTIFIER = com.jesse.CoachUITests;
				PRODUCT_NAME = "$(TARGET_NAME)";
				STRING_CATALOG_GENERATE_SYMBOLS = NO;
				SWIFT_APPROACHABLE_CONCURRENCY = YES;
				SWIFT_EMIT_LOC_STRINGS = NO;
				SWIFT_UPCOMING_FEATURE_MEMBER_IMPORT_VISIBILITY = YES;
				SWIFT_VERSION = 5.0;
				TARGETED_DEVICE_FAMILY = "1,2";
				TEST_TARGET_NAME = Coach;
			};
			name = Debug;
		};
		88BFCB312F8AE19A0032B32C /* Release */ = {
			isa = XCBuildConfiguration;
			buildSettings = {
				CODE_SIGN_STYLE = Automatic;
				CURRENT_PROJECT_VERSION = 1;
				GENERATE_INFOPLIST_FILE = YES;
				MARKETING_VERSION = 1.0;
				PRODUCT_BUNDLE_IDENTIFIER = com.jesse.CoachUITests;
				PRODUCT_NAME = "$(TARGET_NAME)";
				STRING_CATALOG_GENERATE_SYMBOLS = NO;
				SWIFT_APPROACHABLE_CONCURRENCY = YES;
				SWIFT_EMIT_LOC_STRINGS = NO;
				SWIFT_UPCOMING_FEATURE_MEMBER_IMPORT_VISIBILITY = YES;
				SWIFT_VERSION = 5.0;
				TARGETED_DEVICE_FAMILY = "1,2";
				TEST_TARGET_NAME = Coach;
			};
			name = Release;
		};
/* End XCBuildConfiguration section */

/* Begin XCConfigurationList section */
		88BFCB032F8AE1980032B32C /* Build configuration list for PBXProject "Coach" */ = {
			isa = XCConfigurationList;
			buildConfigurations = (
				88BFCB272F8AE19A0032B32C /* Debug */,
				88BFCB282F8AE19A0032B32C /* Release */,
			);
			defaultConfigurationIsVisible = 0;
			defaultConfigurationName = Release;
		};
		88BFCB292F8AE19A0032B32C /* Build configuration list for PBXNativeTarget "Coach" */ = {
			isa = XCConfigurationList;
			buildConfigurations = (
				88BFCB2A2F8AE19A0032B32C /* Debug */,
				88BFCB2B2F8AE19A0032B32C /* Release */,
			);
			defaultConfigurationIsVisible = 0;
			defaultConfigurationName = Release;
		};
		88BFCB2C2F8AE19A0032B32C /* Build configuration list for PBXNativeTarget "CoachTests" */ = {
			isa = XCConfigurationList;
			buildConfigurations = (
				88BFCB2D2F8AE19A0032B32C /* Debug */,
				88BFCB2E2F8AE19A0032B32C /* Release */,
			);
			defaultConfigurationIsVisible = 0;
			defaultConfigurationName = Release;
		};
		88BFCB2F2F8AE19A0032B32C /* Build configuration list for PBXNativeTarget "CoachUITests" */ = {
			isa = XCConfigurationList;
			buildConfigurations = (
				88BFCB302F8AE19A0032B32C /* Debug */,
				88BFCB312F8AE19A0032B32C /* Release */,
			);
			defaultConfigurationIsVisible = 0;
			defaultConfigurationName = Release;
		};
/* End XCConfigurationList section */

/* Begin XCRemoteSwiftPackageReference section */
		88BFCB322F8AE1DD0032B32C /* XCRemoteSwiftPackageReference "supabase-swift" */ = {
			isa = XCRemoteSwiftPackageReference;
			repositoryURL = "https://github.com/supabase/supabase-swift";
			requirement = {
				kind = upToNextMajorVersion;
				minimumVersion = 2.5.1;
			};
		};
/* End XCRemoteSwiftPackageReference section */

/* Begin XCSwiftPackageProductDependency section */
		88BFCB912F8B2C510032B32C /* Supabase */ = {
			isa = XCSwiftPackageProductDependency;
			package = 88BFCB322F8AE1DD0032B32C /* XCRemoteSwiftPackageReference "supabase-swift" */;
			productName = Supabase;
		};
/* End XCSwiftPackageProductDependency section */
	};
	rootObject = 88BFCB002F8AE1980032B32C /* Project object */;
}
